{
  "name": "Mi portafolio",
  "lockfileVersion": 3,
  "requires": true,
  "packages": {
    "": {
      "dependencies": {
        "filepond": "^4.32.7"
      }
    },
    "node_modules/filepond": {
      "version": "4.32.7",
      "resolved": "https://registry.npmjs.org/filepond/-/filepond-4.32.7.tgz",
      "integrity": "sha512-L2idUfC31Qb2ZuFn8yAjX+Km6Ouq0kQn6JHcwhqrl5Ee9cB7xctLa0nkbbAeCML2+a1/cUsd0TqBgVcxYW08GA==",
      "license": "MIT"
    }
  }
}
